{
  "version": 4,
  "terraform_version": "1.0.9",
  "serial": 10,
  "lineage": "d7e6c63c-2dac-567e-e391-ee9c923a887b",
  "outputs": {},
  "resources": [
    {
      "mode": "data",
      "type": "digitalocean_ssh_key",
      "name": "ssh_key",
      "provider": "provider[\"registry.terraform.io/digitalocean/digitalocean\"]",
      "instances": [
        {
          "schema_version": 0,
          "attributes": {
            "fingerprint": "2d:78:a5:fe:e0:5b:38:ba:5b:da:33:13:35:c3:b8:57",
            "id": 32055487,
            "name": "key-leo-ssh",
            "public_key": "ssh-rsa AAAAB3NzaC1yc2EAAAADAQABAAABgQCr9evbrX63XMqzlA9swWu5sbeo6c1WYKPwMKMqGssATZBiuyr8xzVkxydzMsTcQeSF8iIJN7WybwvjoaOAhaXRBlvzVoKGks0BMysxQVn5uR6PPr76imqE1NE3DUgy01dST9j79u9H1oyHrEEPmLIYQuFT7gqsDPgYbFM5LdZRbL0MKpLOQR2HeqbFfW8yARE64bGDsxHpbjtJlYmxcROnwJZmfUFseEBJeHJXrdo/k6ZQB7/I3/2VcIkr8JPLObM+1Xyn+P9qSzC72uCwRAUhF+2A+oxZ+qelb43NAK4IGMpwQrr8ehZFz/qm8zr96FHQVUB+OUIKRjBVey/ckl8vpQ/XRPDhpmf6EODrqLZ3cTJFGJvKPON2x93woiYbC2wmsXYuMw32ks/dSOkeiUbRyeKHUYv7+wTtebU5WNhEVpZVkx9Cl56bp9CwBr3uGkKxTF7Lbcf12dyZiEQ3+rWlWpXxgfuW+N/9uItMRDpKb/eUJEln3VZKL9yCf8oBDrE= leo@leo-HP-Pavilion-Laptop-15-cs3xxx"
          },
          "sensitive_attributes": []
        }
      ]
    },
    {
      "mode": "data",
      "type": "external",
      "name": "droplet_name",
      "provider": "provider[\"registry.terraform.io/hashicorp/external\"]",
      "instances": [
        {
          "schema_version": 0,
          "attributes": {
            "id": "-",
            "program": [
              "python3",
              "./external/name-generator.py"
            ],
            "query": null,
            "result": {
              "name": "resource-1634848775"
            },
            "working_dir": null
          },
          "sensitive_attributes": []
        }
      ]
    },
    {
      "mode": "managed",
      "type": "digitalocean_droplet",
      "name": "public-rpc-1",
      "provider": "provider[\"registry.terraform.io/digitalocean/digitalocean\"]",
      "instances": [
        {
          "schema_version": 1,
          "attributes": {
            "backups": false,
            "created_at": "2021-10-21T20:36:17Z",
            "disk": 80,
            "droplet_agent": null,
            "graceful_shutdown": false,
            "id": "270302096",
            "image": "ubuntu-20-04-x64",
            "ipv4_address": "159.223.111.242",
            "ipv4_address_private": "10.116.0.2",
            "ipv6": false,
            "ipv6_address": "",
            "locked": false,
            "memory": 4096,
            "monitoring": false,
            "name": "resource-1634848775-public-rpc-1",
            "price_hourly": 0.02976,
            "price_monthly": 20,
            "private_networking": true,
            "region": "nyc1",
            "resize_disk": true,
            "size": "s-2vcpu-4gb",
            "ssh_keys": null,
            "status": "active",
            "tags": [],
            "urn": "do:droplet:270302096",
            "user_data": null,
            "vcpus": 2,
            "volume_ids": [],
            "vpc_uuid": "ac48c640-53b7-426c-abae-6c666c79e1a6"
          },
          "sensitive_attributes": [],
          "private": "eyJzY2hlbWFfdmVyc2lvbiI6IjEifQ==",
          "dependencies": [
            "data.external.droplet_name"
          ]
        }
      ]
    },
    {
      "mode": "managed",
      "type": "digitalocean_droplet",
      "name": "relayer-app-backend",
      "provider": "provider[\"registry.terraform.io/digitalocean/digitalocean\"]",
      "instances": [
        {
          "schema_version": 1,
          "attributes": {
            "backups": false,
            "created_at": "2021-10-21T20:36:17Z",
            "disk": 80,
            "droplet_agent": null,
            "graceful_shutdown": false,
            "id": "270302097",
            "image": "ubuntu-20-04-x64",
            "ipv4_address": "142.93.121.193",
            "ipv4_address_private": "10.116.0.4",
            "ipv6": false,
            "ipv6_address": "",
            "locked": false,
            "memory": 4096,
            "monitoring": false,
            "name": "resource-1634848775-relayer-app-backend",
            "price_hourly": 0.02976,
            "price_monthly": 20,
            "private_networking": true,
            "region": "nyc1",
            "resize_disk": true,
            "size": "s-2vcpu-4gb",
            "ssh_keys": null,
            "status": "active",
            "tags": [],
            "urn": "do:droplet:270302097",
            "user_data": null,
            "vcpus": 2,
            "volume_ids": [],
            "vpc_uuid": "ac48c640-53b7-426c-abae-6c666c79e1a6"
          },
          "sensitive_attributes": [],
          "private": "eyJzY2hlbWFfdmVyc2lvbiI6IjEifQ==",
          "dependencies": [
            "data.external.droplet_name"
          ]
        }
      ]
    },
    {
      "mode": "managed",
      "type": "digitalocean_project",
      "name": "testnet-resources",
      "provider": "provider[\"registry.terraform.io/digitalocean/digitalocean\"]",
      "instances": [
        {
          "schema_version": 0,
          "attributes": {
            "created_at": "2021-10-21T20:36:53Z",
            "description": "Project to manage testnet resources for subspace projects",
            "environment": "Production",
            "id": "a4011d05-a792-4a6e-9f4e-82deb15e1696",
            "is_default": false,
            "name": "testnet-resources",
            "owner_id": 9147084,
            "owner_uuid": "d453fc70cda0f0799733942638e14486884610c2",
            "purpose": "Service or API",
            "resources": [
              "do:droplet:270302096",
              "do:droplet:270302097"
            ],
            "updated_at": "2021-10-21T20:36:53Z"
          },
          "sensitive_attributes": [],
          "private": "bnVsbA==",
          "dependencies": [
            "data.external.droplet_name",
            "digitalocean_droplet.public-rpc-1",
            "digitalocean_droplet.relayer-app-backend"
          ]
        }
      ]
    }
  ]
}
